<?xml version="1.0" encoding="utf-8"?>
<Project ToolsVersion="4.0" xmlns="http://schemas.microsoft.com/developer/msbuild/2003">
  <ItemGroup>
    <Filter Include="Source Files">
      <UniqueIdentifier>{4FC737F1-C7A5-4376-A066-2A32D752A2FF}</UniqueIdentifier>
      <Extensions>cpp;cxx;c;def</Extensions>
    </Filter>
    <Filter Include="Header Files">
      <UniqueIdentifier>{93995380-89BD-4b04-88EB-625FBE52EBFB}</UniqueIdentifier>
      <Extensions>h</Extensions>
    </Filter>
    <Filter Include="Form Files">
      <UniqueIdentifier>{99349809-55BA-4b9d-BF79-8FDBB0286EB3}</UniqueIdentifier>
      <Extensions>ui</Extensions>
    </Filter>
    <Filter Include="Resource Files">
      <UniqueIdentifier>{D9D6E242-F8AF-46E4-B9FD-80ECBC20BA3E}</UniqueIdentifier>
      <Extensions>qrc;*</Extensions>
      <ParseFiles>false</ParseFiles>
    </Filter>
    <Filter Include="Generated Files">
      <UniqueIdentifier>{71ED8ED8-ACB9-4CE9-BBE1-E00B30144E11}</UniqueIdentifier>
      <Extensions>moc;h;cpp</Extensions>
      <SourceControlFiles>False</SourceControlFiles>
    </Filter>
    <Filter Include="Generated Files\Debug">
      <UniqueIdentifier>{7505c9fe-17a5-42c0-a6d0-c4aad3e30a01}</UniqueIdentifier>
      <Extensions>cpp;moc</Extensions>
      <SourceControlFiles>False</SourceControlFiles>
    </Filter>
    <Filter Include="Generated Files\Release">
      <UniqueIdentifier>{8488d830-d14f-46e2-9c9b-9cd5948919d5}</UniqueIdentifier>
      <Extensions>cpp;moc</Extensions>
      <SourceControlFiles>False</SourceControlFiles>
    </Filter>
  </ItemGroup>
  <ItemGroup>
    <ClCompile Include="..\ApplicationCommon.cxx">
      <Filter>Source Files</Filter>
    </ClCompile>
    <ClCompile Include="..\ApplicationTut.cxx">
      <Filter>Source Files</Filter>
    </ClCompile>
    <ClCompile Include="..\DocumentCommon.cxx">
      <Filter>Source Files</Filter>
    </ClCompile>
    <ClCompile Include="..\DocumentTut.cxx">
      <Filter>Source Files</Filter>
    </ClCompile>
    <ClCompile Include="..\Main.cxx">
      <Filter>Source Files</Filter>
    </ClCompile>
    <ClCompile Include="..\MakeBottle.cxx">
      <Filter>Source Files</Filter>
    </ClCompile>
    <ClCompile Include="..\MDIWindow.cxx">
      <Filter>Source Files</Filter>
    </ClCompile>
    <ClCompile Include="..\View.cxx">
      <Filter>Source Files</Filter>
    </ClCompile>
    <ClCompile Include="GeneratedFiles\Debug\moc_ApplicationCommon.cpp">
      <Filter>Generated Files\Debug</Filter>
    </ClCompile>
    <ClCompile Include="GeneratedFiles\Release\moc_ApplicationCommon.cpp">
      <Filter>Generated Files\Release</Filter>
    </ClCompile>
    <ClCompile Include="GeneratedFiles\Debug\moc_ApplicationTut.cpp">
      <Filter>Generated Files\Debug</Filter>
    </ClCompile>
    <ClCompile Include="GeneratedFiles\Release\moc_ApplicationTut.cpp">
      <Filter>Generated Files\Release</Filter>
    </ClCompile>
    <ClCompile Include="GeneratedFiles\Debug\moc_DocumentCommon.cpp">
      <Filter>Generated Files\Debug</Filter>
    </ClCompile>
    <ClCompile Include="GeneratedFiles\Release\moc_DocumentCommon.cpp">
      <Filter>Generated Files\Release</Filter>
    </ClCompile>
    <ClCompile Include="GeneratedFiles\Debug\moc_DocumentTut.cpp">
      <Filter>Generated Files\Debug</Filter>
    </ClCompile>
    <ClCompile Include="GeneratedFiles\Release\moc_DocumentTut.cpp">
      <Filter>Generated Files\Release</Filter>
    </ClCompile>
    <ClCompile Include="GeneratedFiles\Debug\moc_MDIWindow.cpp">
      <Filter>Generated Files\Debug</Filter>
    </ClCompile>
    <ClCompile Include="GeneratedFiles\Release\moc_MDIWindow.cpp">
      <Filter>Generated Files\Release</Filter>
    </ClCompile>
    <ClCompile Include="GeneratedFiles\Debug\moc_View.cpp">
      <Filter>Generated Files\Debug</Filter>
    </ClCompile>
    <ClCompile Include="GeneratedFiles\Release\moc_View.cpp">
      <Filter>Generated Files\Release</Filter>
    </ClCompile>
    <ClCompile Include="..\Material.cxx">
      <Filter>Source Files</Filter>
    </ClCompile>
    <ClCompile Include="..\Transparency.cxx">
      <Filter>Source Files</Filter>
    </ClCompile>
    <ClCompile Include="GeneratedFiles\Debug\moc_Material.cpp">
      <Filter>Generated Files\Debug</Filter>
    </ClCompile>
    <ClCompile Include="GeneratedFiles\Release\moc_Material.cpp">
      <Filter>Generated Files\Release</Filter>
    </ClCompile>
    <ClCompile Include="GeneratedFiles\Debug\moc_Transparency.cpp">
      <Filter>Generated Files\Debug</Filter>
    </ClCompile>
    <ClCompile Include="GeneratedFiles\Release\moc_Transparency.cpp">
      <Filter>Generated Files\Release</Filter>
    </ClCompile>
    <ClCompile Include="GeneratedFiles\Debug\moc_ch_wall.cpp">
      <Filter>Generated Files\Debug</Filter>
    </ClCompile>
    <ClCompile Include="GeneratedFiles\Release\moc_ch_wall.cpp">
      <Filter>Generated Files\Release</Filter>
    </ClCompile>
    <ClCompile Include="ch_wall.cpp">
      <Filter>Source Files</Filter>
    </ClCompile>
    <ClCompile Include="GeneratedFiles\Debug\moc_ch_arch_object.cpp">
      <Filter>Generated Files\Debug</Filter>
    </ClCompile>
    <ClCompile Include="GeneratedFiles\Release\moc_ch_arch_object.cpp">
      <Filter>Generated Files\Release</Filter>
    </ClCompile>
    <ClCompile Include="ch_arch_object.cpp">
      <Filter>Source Files</Filter>
    </ClCompile>
    <ClCompile Include="ch_arch.cpp">
      <Filter>Source Files</Filter>
    </ClCompile>
    <ClCompile Include="GeneratedFiles\Debug\moc_ch_module.cpp">
      <Filter>Generated Files\Debug</Filter>
    </ClCompile>
    <ClCompile Include="GeneratedFiles\Release\moc_ch_module.cpp">
      <Filter>Generated Files\Release</Filter>
    </ClCompile>
    <ClCompile Include="ch_module.cpp">
      <Filter>Source Files</Filter>
    </ClCompile>
    <ClCompile Include="ch_wall_face.cpp">
      <Filter>Source Files</Filter>
    </ClCompile>
    <ClCompile Include="GeneratedFiles\Debug\moc_ch_arch_builder.cpp">
      <Filter>Generated Files\Debug</Filter>
    </ClCompile>
    <ClCompile Include="GeneratedFiles\Release\moc_ch_arch_builder.cpp">
      <Filter>Generated Files\Release</Filter>
    </ClCompile>
    <ClCompile Include="ch_arch_builder.cpp">
      <Filter>Source Files</Filter>
    </ClCompile>
    <ClCompile Include="GeneratedFiles\Debug\moc_ch_wall_face.cpp">
      <Filter>Generated Files\Debug</Filter>
    </ClCompile>
    <ClCompile Include="GeneratedFiles\Release\moc_ch_wall_face.cpp">
      <Filter>Generated Files\Release</Filter>
    </ClCompile>
    <ClCompile Include="ch_scene_builder.cpp">
      <Filter>Source Files</Filter>
    </ClCompile>
    <ClCompile Include="ch_scene_object.cpp">
      <Filter>Source Files</Filter>
    </ClCompile>
    <ClCompile Include="ch_scene.cpp">
      <Filter>Source Files</Filter>
    </ClCompile>
    <ClCompile Include="GeneratedFiles\Debug\moc_ch_scene_object.cpp">
      <Filter>Generated Files\Debug</Filter>
    </ClCompile>
    <ClCompile Include="GeneratedFiles\Release\moc_ch_scene_object.cpp">
      <Filter>Generated Files\Release</Filter>
    </ClCompile>
    <ClCompile Include="GeneratedFiles\Debug\moc_ch_scene_builder.cpp">
      <Filter>Generated Files\Debug</Filter>
    </ClCompile>
    <ClCompile Include="GeneratedFiles\Release\moc_ch_scene_builder.cpp">
      <Filter>Generated Files\Release</Filter>
    </ClCompile>
    <ClCompile Include="ch_scene_unit.cpp">
      <Filter>Source Files</Filter>
    </ClCompile>
    <ClCompile Include="GeneratedFiles\Debug\moc_ch_scene_unit.cpp">
      <Filter>Generated Files\Debug</Filter>
    </ClCompile>
    <ClCompile Include="GeneratedFiles\Release\moc_ch_scene_unit.cpp">
      <Filter>Generated Files\Release</Filter>
    </ClCompile>
    <ClCompile Include="ch_scene_interactor.cpp">
      <Filter>Source Files</Filter>
    </ClCompile>
    <ClCompile Include="ch_scene_widget.cpp">
      <Filter>Source Files</Filter>
    </ClCompile>
    <ClCompile Include="ch_arch_collector.cpp">
      <Filter>Source Files</Filter>
    </ClCompile>
    <ClCompile Include="ch_handle.cpp">
      <Filter>Source Files</Filter>
    </ClCompile>
    <ClCompile Include="ch_wall_base.cpp">
      <Filter>Source Files</Filter>
    </ClCompile>
  </ItemGroup>
  <ItemGroup>
    <CustomBuild Include="..\ApplicationCommon.h">
      <Filter>Header Files</Filter>
    </CustomBuild>
    <CustomBuild Include="..\ApplicationTut.h">
      <Filter>Header Files</Filter>
    </CustomBuild>
    <CustomBuild Include="..\DocumentCommon.h">
      <Filter>Header Files</Filter>
    </CustomBuild>
    <CustomBuild Include="..\DocumentTut.h">
      <Filter>Header Files</Filter>
    </CustomBuild>
    <CustomBuild Include="..\MDIWindow.h">
      <Filter>Header Files</Filter>
    </CustomBuild>
    <CustomBuild Include="..\View.h">
      <Filter>Header Files</Filter>
    </CustomBuild>
    <CustomBuild Include="..\Material.h">
      <Filter>Header Files</Filter>
    </CustomBuild>
    <CustomBuild Include="..\Transparency.h">
      <Filter>Header Files</Filter>
    </CustomBuild>
    <CustomBuild Include="ch_wall.h">
      <Filter>Header Files</Filter>
    </CustomBuild>
    <CustomBuild Include="ch_arch_object.h">
      <Filter>Header Files</Filter>
    </CustomBuild>
    <CustomBuild Include="ch_module.h">
      <Filter>Header Files</Filter>
    </CustomBuild>
    <CustomBuild Include="ch_arch_builder.h">
      <Filter>Header Files</Filter>
    </CustomBuild>
    <CustomBuild Include="ch_wall_face.h">
      <Filter>Header Files</Filter>
    </CustomBuild>
    <CustomBuild Include="ch_scene_object.h">
      <Filter>Header Files</Filter>
    </CustomBuild>
    <CustomBuild Include="ch_scene_builder.h">
      <Filter>Header Files</Filter>
    </CustomBuild>
    <CustomBuild Include="ch_scene_unit.h">
      <Filter>Header Files</Filter>
    </CustomBuild>
  </ItemGroup>
  <ItemGroup>
    <ClInclude Include="..\CommonSample.h">
      <Filter>Header Files</Filter>
    </ClInclude>
    <ClInclude Include="ch_arch.h">
      <Filter>Header Files</Filter>
    </ClInclude>
    <ClInclude Include="ch_scene.h">
      <Filter>Header Files</Filter>
    </ClInclude>
    <ClInclude Include="ch_scene_interactor.h">
      <Filter>Header Files</Filter>
    </ClInclude>
    <ClInclude Include="ch_scene_widget.h">
      <Filter>Header Files</Filter>
    </ClInclude>
    <ClInclude Include="ch_arch_collector.h">
      <Filter>Header Files</Filter>
    </ClInclude>
    <ClInclude Include="ch_arch_all.h">
      <Filter>Header Files</Filter>
    </ClInclude>
    <ClInclude Include="ch_handle.h">
      <Filter>Header Files</Filter>
    </ClInclude>
    <ClInclude Include="ch_wall_base.h">
      <Filter>Header Files</Filter>
    </ClInclude>
  </ItemGroup>
</Project>